
Microsoft Visual Studio Solution File, Format Version 12.00
# Visual Studio Version 16
VisualStudioVersion = 16.0.30621.155
MinimumVisualStudioVersion = 10.0.40219.1
Project("{FAE04EC0-301F-11D3-BF4B-00C04F79EFBC}") = "ControlsDemoP1", "ControlsDemoP1\ControlsDemoP1.csproj", "{EF6A39B9-27DA-48E6-BA4A-524AEFF70511}"
EndProject
Global
	GlobalSection(SolutionConfigurationPlatforms) = preSolution
		Debug|Any CPU = Debug|Any CPU
		Release|Any CPU = Release|Any CPU
	EndGlobalSection
	GlobalSection(ProjectConfigurationPlatforms) = postSolution
		{EF6A39B9-27DA-48E6-BA4A-524AEFF70511}.Debug|Any CPU.ActiveCfg = Debug|Any CPU
		{EF6A39B9-27DA-48E6-BA4A-524AEFF70511}.Debug|Any CPU.Build.0 = Debug|Any CPU
		{EF6A39B9-27DA-48E6-BA4A-524AEFF70511}.Release|Any CPU.ActiveCfg = Release|Any CPU
		{EF6A39B9-27DA-48E6-BA4A-524AEFF70511}.Release|Any CPU.Build.0 = Release|Any CPU
	EndGlobalSection
	GlobalSection(SolutionProperties) = preSolution
		HideSolutionNode = FALSE
	EndGlobalSection
	GlobalSection(ExtensibilityGlobals) = postSolution
		SolutionGuid = {CEA30260-C3FB-414B-AD0F-A4241C8078EB}
	EndGlobalSection
EndGlobal
